
Microsoft Visual Studio Solution File, Format Version 12.00
# Visual Studio 15
VisualStudioVersion = 15.0.28307.136
MinimumVisualStudioVersion = 10.0.40219.1
Project("{9A19103F-16F7-4668-BE54-9A1E7A4F7556}") = "Chilindo_Banking", "Chilindo_Banking\Chilindo_Banking.csproj", "{724AC284-3CD5-4861-BA82-0936942645B3}"
EndProject
Project("{9A19103F-16F7-4668-BE54-9A1E7A4F7556}") = "ChilinDo_Service", "ChilinDo_Service\ChilinDo_Service.csproj", "{9DD98C72-F165-4953-9B61-2DBFD4ECABCF}"
EndProject
Project("{9A19103F-16F7-4668-BE54-9A1E7A4F7556}") = "Chilindo_Data", "Chilindo_Database\Chilindo_Data.csproj", "{289959F1-9231-4D16-9E49-F66BFDF3010C}"
EndProject
Project("{9A19103F-16F7-4668-BE54-9A1E7A4F7556}") = "Chilindo_Testing", "Chilindo_Testing\Chilindo_Testing.csproj", "{7149605D-13B9-4998-8D46-9CDF42E6D60C}"
EndProject
Global
	GlobalSection(SolutionConfigurationPlatforms) = preSolution
		Debug|Any CPU = Debug|Any CPU
		Release|Any CPU = Release|Any CPU
	EndGlobalSection
	GlobalSection(ProjectConfigurationPlatforms) = postSolution
		{724AC284-3CD5-4861-BA82-0936942645B3}.Debug|Any CPU.ActiveCfg = Debug|Any CPU
		{724AC284-3CD5-4861-BA82-0936942645B3}.Debug|Any CPU.Build.0 = Debug|Any CPU
		{724AC284-3CD5-4861-BA82-0936942645B3}.Release|Any CPU.ActiveCfg = Release|Any CPU
		{724AC284-3CD5-4861-BA82-0936942645B3}.Release|Any CPU.Build.0 = Release|Any CPU
		{9DD98C72-F165-4953-9B61-2DBFD4ECABCF}.Debug|Any CPU.ActiveCfg = Debug|Any CPU
		{9DD98C72-F165-4953-9B61-2DBFD4ECABCF}.Debug|Any CPU.Build.0 = Debug|Any CPU
		{9DD98C72-F165-4953-9B61-2DBFD4ECABCF}.Release|Any CPU.ActiveCfg = Release|Any CPU
		{9DD98C72-F165-4953-9B61-2DBFD4ECABCF}.Release|Any CPU.Build.0 = Release|Any CPU
		{289959F1-9231-4D16-9E49-F66BFDF3010C}.Debug|Any CPU.ActiveCfg = Debug|Any CPU
		{289959F1-9231-4D16-9E49-F66BFDF3010C}.Debug|Any CPU.Build.0 = Debug|Any CPU
		{289959F1-9231-4D16-9E49-F66BFDF3010C}.Release|Any CPU.ActiveCfg = Release|Any CPU
		{289959F1-9231-4D16-9E49-F66BFDF3010C}.Release|Any CPU.Build.0 = Release|Any CPU
		{7149605D-13B9-4998-8D46-9CDF42E6D60C}.Debug|Any CPU.ActiveCfg = Debug|Any CPU
		{7149605D-13B9-4998-8D46-9CDF42E6D60C}.Debug|Any CPU.Build.0 = Debug|Any CPU
		{7149605D-13B9-4998-8D46-9CDF42E6D60C}.Release|Any CPU.ActiveCfg = Release|Any CPU
		{7149605D-13B9-4998-8D46-9CDF42E6D60C}.Release|Any CPU.Build.0 = Release|Any CPU
	EndGlobalSection
	GlobalSection(SolutionProperties) = preSolution
		HideSolutionNode = FALSE
	EndGlobalSection
	GlobalSection(ExtensibilityGlobals) = postSolution
		SolutionGuid = {F3662845-7F8F-4B02-82FC-1D891FD9FC8D}
	EndGlobalSection
EndGlobal
